
Microsoft Visual Studio Solution File, Format Version 12.00
# Visual Studio Version 16
VisualStudioVersion = 16.0.31515.178
MinimumVisualStudioVersion = 10.0.40219.1
Project("{FAE04EC0-301F-11D3-BF4B-00C04F79EFBC}") = "Praktiskais_darbs_Romans_Sostaks_MIP", "Praktiskais_darbs_Romans_Sostaks_MIP\Praktiskais_darbs_Romans_Sostaks_MIP.csproj", "{53141E3D-89BF-478C-8598-098EC0024803}"
EndProject
Global
	GlobalSection(SolutionConfigurationPlatforms) = preSolution
		Debug|Any CPU = Debug|Any CPU
		Release|Any CPU = Release|Any CPU
	EndGlobalSection
	GlobalSection(ProjectConfigurationPlatforms) = postSolution
		{53141E3D-89BF-478C-8598-098EC0024803}.Debug|Any CPU.ActiveCfg = Debug|Any CPU
		{53141E3D-89BF-478C-8598-098EC0024803}.Debug|Any CPU.Build.0 = Debug|Any CPU
		{53141E3D-89BF-478C-8598-098EC0024803}.Release|Any CPU.ActiveCfg = Release|Any CPU
		{53141E3D-89BF-478C-8598-098EC0024803}.Release|Any CPU.Build.0 = Release|Any CPU
	EndGlobalSection
	GlobalSection(SolutionProperties) = preSolution
		HideSolutionNode = FALSE
	EndGlobalSection
	GlobalSection(ExtensibilityGlobals) = postSolution
		SolutionGuid = {5FB9A420-9DEB-4A2B-A312-38F861230285}
	EndGlobalSection
EndGlobal
